
Microsoft Visual Studio Solution File, Format Version 12.00
# Visual Studio Version 17
VisualStudioVersion = 17.8.34309.116
MinimumVisualStudioVersion = 10.0.40219.1
Project("{FAE04EC0-301F-11D3-BF4B-00C04F79EFBC}") = "FallDetectionIoT.WPF", "FallDetectionIoT.WPF\FallDetectionIoT.WPF.csproj", "{CF29A64F-D581-48FE-ADFE-FAA273E1E113}"
EndProject
Project("{FAE04EC0-301F-11D3-BF4B-00C04F79EFBC}") = "FallDetectionIoT.Shared", "FallDetectionIoT.Shared\FallDetectionIoT.Shared.csproj", "{DAB0E10B-A6D3-4A40-A498-BF8440975792}"
EndProject
Project("{FAE04EC0-301F-11D3-BF4B-00C04F79EFBC}") = "FallDetectionIoT.WebApi", "FallDetectionIoT.WebApi\FallDetectionIoT.WebApi.csproj", "{8882E0F5-211E-41DC-9B4D-1F115B6A1E66}"
EndProject
Global
	GlobalSection(SolutionConfigurationPlatforms) = preSolution
		Debug|Any CPU = Debug|Any CPU
		Release|Any CPU = Release|Any CPU
	EndGlobalSection
	GlobalSection(ProjectConfigurationPlatforms) = postSolution
		{CF29A64F-D581-48FE-ADFE-FAA273E1E113}.Debug|Any CPU.ActiveCfg = Debug|Any CPU
		{CF29A64F-D581-48FE-ADFE-FAA273E1E113}.Debug|Any CPU.Build.0 = Debug|Any CPU
		{CF29A64F-D581-48FE-ADFE-FAA273E1E113}.Release|Any CPU.ActiveCfg = Release|Any CPU
		{CF29A64F-D581-48FE-ADFE-FAA273E1E113}.Release|Any CPU.Build.0 = Release|Any CPU
		{DAB0E10B-A6D3-4A40-A498-BF8440975792}.Debug|Any CPU.ActiveCfg = Debug|Any CPU
		{DAB0E10B-A6D3-4A40-A498-BF8440975792}.Debug|Any CPU.Build.0 = Debug|Any CPU
		{DAB0E10B-A6D3-4A40-A498-BF8440975792}.Release|Any CPU.ActiveCfg = Release|Any CPU
		{DAB0E10B-A6D3-4A40-A498-BF8440975792}.Release|Any CPU.Build.0 = Release|Any CPU
		{8882E0F5-211E-41DC-9B4D-1F115B6A1E66}.Debug|Any CPU.ActiveCfg = Debug|Any CPU
		{8882E0F5-211E-41DC-9B4D-1F115B6A1E66}.Debug|Any CPU.Build.0 = Debug|Any CPU
		{8882E0F5-211E-41DC-9B4D-1F115B6A1E66}.Release|Any CPU.ActiveCfg = Release|Any CPU
		{8882E0F5-211E-41DC-9B4D-1F115B6A1E66}.Release|Any CPU.Build.0 = Release|Any CPU
	EndGlobalSection
	GlobalSection(SolutionProperties) = preSolution
		HideSolutionNode = FALSE
	EndGlobalSection
	GlobalSection(ExtensibilityGlobals) = postSolution
		SolutionGuid = {C85F0559-01DC-4876-A1F7-FF46184D1D16}
	EndGlobalSection
EndGlobal
